// !$*UTF8*$!
{
	archiveVersion = 1;
	classes = {
	};
	objectVersion = 77;
	objects = {

/* Begin PBXContainerItemProxy section */
		50D8C5042E81FC6500F906DF /* PBXContainerItemProxy */ = {
			isa = PBXContainerItemProxy;
			containerPortal = 50D8C4EB2E81FC6400F906DF /* Project object */;
			proxyType = 1;
			remoteGlobalIDString = 50D8C4F22E81FC6400F906DF;
			remoteInfo = "Child Gun Safety";
		};
		50D8C50E2E81FC6500F906DF /* PBXContainerItemProxy */ = {
			isa = PBXContainerItemProxy;
			containerPortal = 50D8C4EB2E81FC6400F906DF /* Project object */;
			proxyType = 1;
			remoteGlobalIDString = 50D8C4F22E81FC6400F906DF;
			remoteInfo = "Child Gun Safety";
		};
/* End PBXContainerItemProxy section */

/* Begin PBXFileReference section */
		50D8C4F32E81FC6400F906DF /* Child Gun Safety.app */ = {isa = PBXFileReference; explicitFileType = wrapper.application; includeInIndex = 0; path = "Child Gun Safety.app"; sourceTree = BUILT_PRODUCTS_DIR; };
		50D8C5032E81FC6500F906DF /* Child Gun SafetyTests.xctest */ = {isa = PBXFileReference; explicitFileType = wrapper.cfbundle; includeInIndex = 0; path = "Child Gun SafetyTests.xctest"; sourceTree = BUILT_PRODUCTS_DIR; };
		50D8C50D2E81FC6500F906DF /* Child Gun SafetyUITests.xctest */ = {isa = PBXFileReference; explicitFileType = wrapper.cfbundle; includeInIndex = 0; path = "Child Gun SafetyUITests.xctest"; sourceTree = BUILT_PRODUCTS_DIR; };
/* End PBXFileReference section */

/* Begin PBXFileSystemSynchronizedRootGroup section */
		50D8C4F52E81FC6400F906DF /* Child Gun Safety */ = {
			isa = PBXFileSystemSynchronizedRootGroup;
			path = "Child Gun Safety";
			sourceTree = "<group>";
		};
		50D8C5062E81FC6500F906DF /* Child Gun SafetyTests */ = {
			isa = PBXFileSystemSynchronizedRootGroup;
			path = "Child Gun SafetyTests";
			sourceTree = "<group>";
		};
		50D8C5102E81FC6500F906DF /* Child Gun SafetyUITests */ = {
			isa = PBXFileSystemSynchronizedRootGroup;
			path = "Child Gun SafetyUITests";
			sourceTree = "<group>";
		};
/* End PBXFileSystemSynchronizedRootGroup section */

/* Begin PBXFrameworksBuildPhase section */
		50D8C4F02E81FC6400F906DF /* Frameworks */ = {
			isa = PBXFrameworksBuildPhase;
			buildActionMask = 2147483647;
			files = (
			);
			runOnlyForDeploymentPostprocessing = 0;
		};
		50D8C5002E81FC6500F906DF /* Frameworks */ = {
			isa = PBXFrameworksBuildPhase;
			buildActionMask = 2147483647;
			files = (
			);
			runOnlyForDeploymentPostprocessing = 0;
		};
		50D8C50A2E81FC6500F906DF /* Frameworks */ = {
			isa = PBXFrameworksBuildPhase;
			buildActionMask = 2147483647;
			files = (
			);
			runOnlyForDeploymentPostprocessing = 0;
		};
/* End PBXFrameworksBuildPhase section */

/* Begin PBXGroup section */
		50D8C4EA2E81FC6400F906DF = {
			isa = PBXGroup;
			children = (
				50D8C4F52E81FC6400F906DF /* Child Gun Safety */,
				50D8C5062E81FC6500F906DF /* Child Gun SafetyTests */,
				50D8C5102E81FC6500F906DF /* Child Gun SafetyUITests */,
				50D8C4F42E81FC6400F906DF /* Products */,
			);
			sourceTree = "<group>";
		};
		50D8C4F42E81FC6400F906DF /* Products */ = {
			isa = PBXGroup;
			children = (
				50D8C4F32E81FC6400F906DF /* Child Gun Safety.app */,
				50D8C5032E81FC6500F906DF /* Child Gun SafetyTests.xctest */,
				50D8C50D2E81FC6500F906DF /* Child Gun SafetyUITests.xctest */,
			);
			name = Products;
			sourceTree = "<group>";
		};
/* End PBXGroup section */

/* Begin PBXNativeTarget section */
		50D8C4F22E81FC6400F906DF /* Child Gun Safety */ = {
			isa = PBXNativeTarget;
			buildConfigurationList = 50D8C5172E81FC6500F906DF /* Build configuration list for PBXNativeTarget "Child Gun Safety" */;
			buildPhases = (
				50D8C4EF2E81FC6400F906DF /* Sources */,
				50D8C4F02E81FC6400F906DF /* Frameworks */,
				50D8C4F12E81FC6400F906DF /* Resources */,
			);
			buildRules = (
			);
			dependencies = (
			);
			fileSystemSynchronizedGroups = (
				50D8C4F52E81FC6400F906DF /* Child Gun Safety */,
			);
			name = "Child Gun Safety";
			packageProductDependencies = (
			);
			productName = "Child Gun Safety";
			productReference = 50D8C4F32E81FC6400F906DF /* Child Gun Safety.app */;
			productType = "com.apple.product-type.application";
		};
		50D8C5022E81FC6500F906DF /* Child Gun SafetyTests */ = {
			isa = PBXNativeTarget;
			buildConfigurationList = 50D8C51A2E81FC6500F906DF /* Build configuration list for PBXNativeTarget "Child Gun SafetyTests" */;
			buildPhases = (
				50D8C4FF2E81FC6500F906DF /* Sources */,
				50D8C5002E81FC6500F906DF /* Frameworks */,
				50D8C5012E81FC6500F906DF /* Resources */,
			);
			buildRules = (
			);
			dependencies = (
				50D8C5052E81FC6500F906DF /* PBXTargetDependency */,
			);
			fileSystemSynchronizedGroups = (
				50D8C5062E81FC6500F906DF /* Child Gun SafetyTests */,
			);
			name = "Child Gun SafetyTests";
			packageProductDependencies = (
			);
			productName = "Child Gun SafetyTests";
			productReference = 50D8C5032E81FC6500F906DF /* Child Gun SafetyTests.xctest */;
			productType = "com.apple.product-type.bundle.unit-test";
		};
		50D8C50C2E81FC6500F906DF /* Child Gun SafetyUITests */ = {
			isa = PBXNativeTarget;
			buildConfigurationList = 50D8C51D2E81FC6500F906DF /* Build configuration list for PBXNativeTarget "Child Gun SafetyUITests" */;
			buildPhases = (
				50D8C5092E81FC6500F906DF /* Sources */,
				50D8C50A2E81FC6500F906DF /* Frameworks */,
				50D8C50B2E81FC6500F906DF /* Resources */,
			);
			buildRules = (
			);
			dependencies = (
				50D8C50F2E81FC6500F906DF /* PBXTargetDependency */,
			);
			fileSystemSynchronizedGroups = (
				50D8C5102E81FC6500F906DF /* Child Gun SafetyUITests */,
			);
			name = "Child Gun SafetyUITests";
			packageProductDependencies = (
			);
			productName = "Child Gun SafetyUITests";
			productReference = 50D8C50D2E81FC6500F906DF /* Child Gun SafetyUITests.xctest */;
			productType = "com.apple.product-type.bundle.ui-testing";
		};
/* End PBXNativeTarget section */

/* Begin PBXProject section */
		50D8C4EB2E81FC6400F906DF /* Project object */ = {
			isa = PBXProject;
			attributes = {
				BuildIndependentTargetsInParallel = 1;
				LastSwiftUpdateCheck = 1620;
				LastUpgradeCheck = 1620;
				TargetAttributes = {
					50D8C4F22E81FC6400F906DF = {
						CreatedOnToolsVersion = 16.2;
					};
					50D8C5022E81FC6500F906DF = {
						CreatedOnToolsVersion = 16.2;
						TestTargetID = 50D8C4F22E81FC6400F906DF;
					};
					50D8C50C2E81FC6500F906DF = {
						CreatedOnToolsVersion = 16.2;
						TestTargetID = 50D8C4F22E81FC6400F906DF;
					};
				};
			};
			buildConfigurationList = 50D8C4EE2E81FC6400F906DF /* Build configuration list for PBXProject "Child Gun Safety" */;
			developmentRegion = en;
			hasScannedForEncodings = 0;
			knownRegions = (
				en,
				Base,
			);
			mainGroup = 50D8C4EA2E81FC6400F906DF;
			minimizedProjectReferenceProxies = 1;
			preferredProjectObjectVersion = 77;
			productRefGroup = 50D8C4F42E81FC6400F906DF /* Products */;
			projectDirPath = "";
			projectRoot = "";
			targets = (
				50D8C4F22E81FC6400F906DF /* Child Gun Safety */,
				50D8C5022E81FC6500F906DF /* Child Gun SafetyTests */,
				50D8C50C2E81FC6500F906DF /* Child Gun SafetyUITests */,
			);
		};
/* End PBXProject section */

/* Begin PBXResourcesBuildPhase section */
		50D8C4F12E81FC6400F906DF /* Resources */ = {
			isa = PBXResourcesBuildPhase;
			buildActionMask = 2147483647;
			files = (
			);
			runOnlyForDeploymentPostprocessing = 0;
		};
		50D8C5012E81FC6500F906DF /* Resources */ = {
			isa = PBXResourcesBuildPhase;
			buildActionMask = 2147483647;
			files = (
			);
			runOnlyForDeploymentPostprocessing = 0;
		};
		50D8C50B2E81FC6500F906DF /* Resources */ = {
			isa = PBXResourcesBuildPhase;
			buildActionMask = 2147483647;
			files = (
			);
			runOnlyForDeploymentPostprocessing = 0;
		};
/* End PBXResourcesBuildPhase section */

/* Begin PBXSourcesBuildPhase section */
		50D8C4EF2E81FC6400F906DF /* Sources */ = {
			isa = PBXSourcesBuildPhase;
			buildActionMask = 2147483647;
			files = (
			);
			runOnlyForDeploymentPostprocessing = 0;
		};
		50D8C4FF2E81FC6500F906DF /* Sources */ = {
			isa = PBXSourcesBuildPhase;
			buildActionMask = 2147483647;
			files = (
			);
			runOnlyForDeploymentPostprocessing = 0;
		};
		50D8C5092E81FC6500F906DF /* Sources */ = {
			isa = PBXSourcesBuildPhase;
			buildActionMask = 2147483647;
			files = (
			);
			runOnlyForDeploymentPostprocessing = 0;
		};
/* End PBXSourcesBuildPhase section */

/* Begin PBXTargetDependency section */
		50D8C5052E81FC6500F906DF /* PBXTargetDependency */ = {
			isa = PBXTargetDependency;
			target = 50D8C4F22E81FC6400F906DF /* Child Gun Safety */;
			targetProxy = 50D8C5042E81FC6500F906DF /* PBXContainerItemProxy */;
		};
		50D8C50F2E81FC6500F906DF /* PBXTargetDependency */ = {
			isa = PBXTargetDependency;
			target = 50D8C4F22E81FC6400F906DF /* Child Gun Safety */;
			targetProxy = 50D8C50E2E81FC6500F906DF /* PBXContainerItemProxy */;
		};
/* End PBXTargetDependency section */

/* Begin XCBuildConfiguration section */
		50D8C5152E81FC6500F906DF /* Debug */ = {
			isa = XCBuildConfiguration;
			buildSettings = {
				ALWAYS_SEARCH_USER_PATHS = NO;
				ASSETCATALOG_COMPILER_GENERATE_SWIFT_ASSET_SYMBOL_EXTENSIONS = YES;
				CLANG_ANALYZER_NONNULL = YES;
				CLANG_ANALYZER_NUMBER_OBJECT_CONVERSION = YES_AGGRESSIVE;
				CLANG_CXX_LANGUAGE_STANDARD = "gnu++20";
				CLANG_ENABLE_MODULES = YES;
				CLANG_ENABLE_OBJC_ARC = YES;
				CLANG_ENABLE_OBJC_WEAK = YES;
				CLANG_WARN_BLOCK_CAPTURE_AUTORELEASING = YES;
				CLANG_WARN_BOOL_CONVERSION = YES;
				CLANG_WARN_COMMA = YES;
				CLANG_WARN_CONSTANT_CONVERSION = YES;
				CLANG_WARN_DEPRECATED_OBJC_IMPLEMENTATIONS = YES;
				CLANG_WARN_DIRECT_OBJC_ISA_USAGE = YES_ERROR;
				CLANG_WARN_DOCUMENTATION_COMMENTS = YES;
				CLANG_WARN_EMPTY_BODY = YES;
				CLANG_WARN_ENUM_CONVERSION = YES;
				CLANG_WARN_INFINITE_RECURSION = YES;
				CLANG_WARN_INT_CONVERSION = YES;
				CLANG_WARN_NON_LITERAL_NULL_CONVERSION = YES;
				CLANG_WARN_OBJC_IMPLICIT_RETAIN_SELF = YES;
				CLANG_WARN_OBJC_LITERAL_CONVERSION = YES;
				CLANG_WARN_OBJC_ROOT_CLASS = YES_ERROR;
				CLANG_WARN_QUOTED_INCLUDE_IN_FRAMEWORK_HEADER = YES;
				CLANG_WARN_RANGE_LOOP_ANALYSIS = YES;
				CLANG_WARN_STRICT_PROTOTYPES = YES;
				CLANG_WARN_SUSPICIOUS_MOVE = YES;
				CLANG_WARN_UNGUARDED_AVAILABILITY = YES_AGGRESSIVE;
				CLANG_WARN_UNREACHABLE_CODE = YES;
				CLANG_WARN__DUPLICATE_METHOD_MATCH = YES;
				COPY_PHASE_STRIP = NO;
				DEBUG_INFORMATION_FORMAT = dwarf;
				ENABLE_STRICT_OBJC_MSGSEND = YES;
				ENABLE_TESTABILITY = YES;
				ENABLE_USER_SCRIPT_SANDBOXING = YES;
				GCC_C_LANGUAGE_STANDARD = gnu17;
				GCC_DYNAMIC_NO_PIC = NO;
				GCC_NO_COMMON_BLOCKS = YES;
				GCC_OPTIMIZATION_LEVEL = 0;
				GCC_PREPROCESSOR_DEFINITIONS = (
					"DEBUG=1",
					"$(inherited)",
				);
				GCC_WARN_64_TO_32_BIT_CONVERSION = YES;
				GCC_WARN_ABOUT_RETURN_TYPE = YES_ERROR;
				GCC_WARN_UNDECLARED_SELECTOR = YES;
				GCC_WARN_UNINITIALIZED_AUTOS = YES_AGGRESSIVE;
				GCC_WARN_UNUSED_FUNCTION = YES;
				GCC_WARN_UNUSED_VARIABLE = YES;
				IPHONEOS_DEPLOYMENT_TARGET = 18.2;
				LOCALIZATION_PREFERS_STRING_CATALOGS = YES;
				MTL_ENABLE_DEBUG_INFO = INCLUDE_SOURCE;
				MTL_FAST_MATH = YES;
				ONLY_ACTIVE_ARCH = YES;
				SDKROOT = iphoneos;
				SWIFT_ACTIVE_COMPILATION_CONDITIONS = "DEBUG $(inherited)";
				SWIFT_OPTIMIZATION_LEVEL = "-Onone";
			};
			name = Debug;
		};
		50D8C5162E81FC6500F906DF /* Release */ = {
			isa = XCBuildConfiguration;
			buildSettings = {
				ALWAYS_SEARCH_USER_PATHS = NO;
				ASSETCATALOG_COMPILER_GENERATE_SWIFT_ASSET_SYMBOL_EXTENSIONS = YES;
				CLANG_ANALYZER_NONNULL = YES;
				CLANG_ANALYZER_NUMBER_OBJECT_CONVERSION = YES_AGGRESSIVE;
				CLANG_CXX_LANGUAGE_STANDARD = "gnu++20";
				CLANG_ENABLE_MODULES = YES;
				CLANG_ENABLE_OBJC_ARC = YES;
				CLANG_ENABLE_OBJC_WEAK = YES;
				CLANG_WARN_BLOCK_CAPTURE_AUTORELEASING = YES;
				CLANG_WARN_BOOL_CONVERSION = YES;
				CLANG_WARN_COMMA = YES;
				CLANG_WARN_CONSTANT_CONVERSION = YES;
				CLANG_WARN_DEPRECATED_OBJC_IMPLEMENTATIONS = YES;
				CLANG_WARN_DIRECT_OBJC_ISA_USAGE = YES_ERROR;
				CLANG_WARN_DOCUMENTATION_COMMENTS = YES;
				CLANG_WARN_EMPTY_BODY = YES;
				CLANG_WARN_ENUM_CONVERSION = YES;
				CLANG_WARN_INFINITE_RECURSION = YES;
				CLANG_WARN_INT_CONVERSION = YES;
				CLANG_WARN_NON_LITERAL_NULL_CONVERSION = YES;
				CLANG_WARN_OBJC_IMPLICIT_RETAIN_SELF = YES;
				CLANG_WARN_OBJC_LITERAL_CONVERSION = YES;
				CLANG_WARN_OBJC_ROOT_CLASS = YES_ERROR;
				CLANG_WARN_QUOTED_INCLUDE_IN_FRAMEWORK_HEADER = YES;
				CLANG_WARN_RANGE_LOOP_ANALYSIS = YES;
				CLANG_WARN_STRICT_PROTOTYPES = YES;
				CLANG_WARN_SUSPICIOUS_MOVE = YES;
				CLANG_WARN_UNGUARDED_AVAILABILITY = YES_AGGRESSIVE;
				CLANG_WARN_UNREACHABLE_CODE = YES;
				CLANG_WARN__DUPLICATE_METHOD_MATCH = YES;
				COPY_PHASE_STRIP = NO;
				DEBUG_INFORMATION_FORMAT = "dwarf-with-dsym";
				ENABLE_NS_ASSERTIONS = NO;
				ENABLE_STRICT_OBJC_MSGSEND = YES;
				ENABLE_USER_SCRIPT_SANDBOXING = YES;
				GCC_C_LANGUAGE_STANDARD = gnu17;
				GCC_NO_COMMON_BLOCKS = YES;
				GCC_WARN_64_TO_32_BIT_CONVERSION = YES;
				GCC_WARN_ABOUT_RETURN_TYPE = YES_ERROR;
				GCC_WARN_UNDECLARED_SELECTOR = YES;
				GCC_WARN_UNINITIALIZED_AUTOS = YES_AGGRESSIVE;
				GCC_WARN_UNUSED_FUNCTION = YES;
				GCC_WARN_UNUSED_VARIABLE = YES;
				IPHONEOS_DEPLOYMENT_TARGET = 18.2;
				LOCALIZATION_PREFERS_STRING_CATALOGS = YES;
				MTL_ENABLE_DEBUG_INFO = NO;
				MTL_FAST_MATH = YES;
				SDKROOT = iphoneos;
				SWIFT_COMPILATION_MODE = wholemodule;
				VALIDATE_PRODUCT = YES;
			};
			name = Release;
		};
		50D8C5182E81FC6500F906DF /* Debug */ = {
			isa = XCBuildConfiguration;
			buildSettings = {
				ASSETCATALOG_COMPILER_APPICON_NAME = AppIcon;
				ASSETCATALOG_COMPILER_GLOBAL_ACCENT_COLOR_NAME = AccentColor;
				CODE_SIGN_STYLE = Automatic;
				CURRENT_PROJECT_VERSION = 1;
				DEVELOPMENT_ASSET_PATHS = "\"Child Gun Safety/Preview Content\"";
				DEVELOPMENT_TEAM = 9986YF7SP4;
				ENABLE_PREVIEWS = YES;
				GENERATE_INFOPLIST_FILE = YES;
				INFOPLIST_KEY_NSCameraUsageDescription = "";
				INFOPLIST_KEY_UIApplicationSupportsIndirectInputEvents = YES;
				INFOPLIST_KEY_UILaunchScreen_Generation = YES;
				INFOPLIST_KEY_UIRequiredDeviceCapabilities = arkit;
				INFOPLIST_KEY_UIStatusBarHidden = YES;
				INFOPLIST_KEY_UISupportedInterfaceOrientations_iPad = "UIInterfaceOrientationPortrait UIInterfaceOrientationPortraitUpsideDown UIInterfaceOrientationLandscapeLeft UIInterfaceOrientationLandscapeRight";
				INFOPLIST_KEY_UISupportedInterfaceOrientations_iPhone = "UIInterfaceOrientationPortrait UIInterfaceOrientationLandscapeLeft UIInterfaceOrientationLandscapeRight";
				LD_RUNPATH_SEARCH_PATHS = (
					"$(inherited)",
					"@executable_path/Frameworks",
				);
				MARKETING_VERSION = 1.0;
				PRODUCT_BUNDLE_IDENTIFIER = "SIECapstoneTeam9.Child-Gun-Safety";
				PRODUCT_NAME = "$(TARGET_NAME)";
				SWIFT_EMIT_LOC_STRINGS = YES;
				SWIFT_VERSION = 5.0;
				TARGETED_DEVICE_FAMILY = "1,2";
			};
			name = Debug;
		};
		50D8C5192E81FC6500F906DF /* Release */ = {
			isa = XCBuildConfiguration;
			buildSettings = {
				ASSETCATALOG_COMPILER_APPICON_NAME = AppIcon;
				ASSETCATALOG_COMPILER_GLOBAL_ACCENT_COLOR_NAME = AccentColor;
				CODE_SIGN_STYLE = Automatic;
				CURRENT_PROJECT_VERSION = 1;
				DEVELOPMENT_ASSET_PATHS = "\"Child Gun Safety/Preview Content\"";
				DEVELOPMENT_TEAM = 9986YF7SP4;
				ENABLE_PREVIEWS = YES;
				GENERATE_INFOPLIST_FILE = YES;
				INFOPLIST_KEY_NSCameraUsageDescription = "";
				INFOPLIST_KEY_UIApplicationSupportsIndirectInputEvents = YES;
				INFOPLIST_KEY_UILaunchScreen_Generation = YES;
				INFOPLIST_KEY_UIRequiredDeviceCapabilities = arkit;
				INFOPLIST_KEY_UIStatusBarHidden = YES;
				INFOPLIST_KEY_UISupportedInterfaceOrientations_iPad = "UIInterfaceOrientationPortrait UIInterfaceOrientationPortraitUpsideDown UIInterfaceOrientationLandscapeLeft UIInterfaceOrientationLandscapeRight";
				INFOPLIST_KEY_UISupportedInterfaceOrientations_iPhone = "UIInterfaceOrientationPortrait UIInterfaceOrientationLandscapeLeft UIInterfaceOrientationLandscapeRight";
				LD_RUNPATH_SEARCH_PATHS = (
					"$(inherited)",
					"@executable_path/Frameworks",
				);
				MARKETING_VERSION = 1.0;
				PRODUCT_BUNDLE_IDENTIFIER = "SIECapstoneTeam9.Child-Gun-Safety";
				PRODUCT_NAME = "$(TARGET_NAME)";
				SWIFT_EMIT_LOC_STRINGS = YES;
				SWIFT_VERSION = 5.0;
				TARGETED_DEVICE_FAMILY = "1,2";
			};
			name = Release;
		};
		50D8C51B2E81FC6500F906DF /* Debug */ = {
			isa = XCBuildConfiguration;
			buildSettings = {
				BUNDLE_LOADER = "$(TEST_HOST)";
				CODE_SIGN_STYLE = Automatic;
				CURRENT_PROJECT_VERSION = 1;
				DEVELOPMENT_TEAM = 9986YF7SP4;
				GENERATE_INFOPLIST_FILE = YES;
				IPHONEOS_DEPLOYMENT_TARGET = 18.2;
				MARKETING_VERSION = 1.0;
				PRODUCT_BUNDLE_IDENTIFIER = "SIECapstoneTeam9.Child-Gun-SafetyTests";
				PRODUCT_NAME = "$(TARGET_NAME)";
				SWIFT_EMIT_LOC_STRINGS = NO;
				SWIFT_VERSION = 5.0;
				TARGETED_DEVICE_FAMILY = "1,2";
				TEST_HOST = "$(BUILT_PRODUCTS_DIR)/Child Gun Safety.app/$(BUNDLE_EXECUTABLE_FOLDER_PATH)/Child Gun Safety";
			};
			name = Debug;
		};
		50D8C51C2E81FC6500F906DF /* Release */ = {
			isa = XCBuildConfiguration;
			buildSettings = {
				BUNDLE_LOADER = "$(TEST_HOST)";
				CODE_SIGN_STYLE = Automatic;
				CURRENT_PROJECT_VERSION = 1;
				DEVELOPMENT_TEAM = 9986YF7SP4;
				GENERATE_INFOPLIST_FILE = YES;
				IPHONEOS_DEPLOYMENT_TARGET = 18.2;
				MARKETING_VERSION = 1.0;
				PRODUCT_BUNDLE_IDENTIFIER = "SIECapstoneTeam9.Child-Gun-SafetyTests";
				PRODUCT_NAME = "$(TARGET_NAME)";
				SWIFT_EMIT_LOC_STRINGS = NO;
				SWIFT_VERSION = 5.0;
				TARGETED_DEVICE_FAMILY = "1,2";
				TEST_HOST = "$(BUILT_PRODUCTS_DIR)/Child Gun Safety.app/$(BUNDLE_EXECUTABLE_FOLDER_PATH)/Child Gun Safety";
			};
			name = Release;
		};
		50D8C51E2E81FC6500F906DF /* Debug */ = {
			isa = XCBuildConfiguration;
			buildSettings = {
				CODE_SIGN_STYLE = Automatic;
				CURRENT_PROJECT_VERSION = 1;
				DEVELOPMENT_TEAM = 9986YF7SP4;
				GENERATE_INFOPLIST_FILE = YES;
				MARKETING_VERSION = 1.0;
				PRODUCT_BUNDLE_IDENTIFIER = "SIECapstoneTeam9.Child-Gun-SafetyUITests";
				PRODUCT_NAME = "$(TARGET_NAME)";
				SWIFT_EMIT_LOC_STRINGS = NO;
				SWIFT_VERSION = 5.0;
				TARGETED_DEVICE_FAMILY = "1,2";
				TEST_TARGET_NAME = "Child Gun Safety";
			};
			name = Debug;
		};
		50D8C51F2E81FC6500F906DF /* Release */ = {
			isa = XCBuildConfiguration;
			buildSettings = {
				CODE_SIGN_STYLE = Automatic;
				CURRENT_PROJECT_VERSION = 1;
				DEVELOPMENT_TEAM = 9986YF7SP4;
				GENERATE_INFOPLIST_FILE = YES;
				MARKETING_VERSION = 1.0;
				PRODUCT_BUNDLE_IDENTIFIER = "SIECapstoneTeam9.Child-Gun-SafetyUITests";
				PRODUCT_NAME = "$(TARGET_NAME)";
				SWIFT_EMIT_LOC_STRINGS = NO;
				SWIFT_VERSION = 5.0;
				TARGETED_DEVICE_FAMILY = "1,2";
				TEST_TARGET_NAME = "Child Gun Safety";
			};
			name = Release;
		};
/* End XCBuildConfiguration section */

/* Begin XCConfigurationList section */
		50D8C4EE2E81FC6400F906DF /* Build configuration list for PBXProject "Child Gun Safety" */ = {
			isa = XCConfigurationList;
			buildConfigurations = (
				50D8C5152E81FC6500F906DF /* Debug */,
				50D8C5162E81FC6500F906DF /* Release */,
			);
			defaultConfigurationIsVisible = 0;
			defaultConfigurationName = Release;
		};
		50D8C5172E81FC6500F906DF /* Build configuration list for PBXNativeTarget "Child Gun Safety" */ = {
			isa = XCConfigurationList;
			buildConfigurations = (
				50D8C5182E81FC6500F906DF /* Debug */,
				50D8C5192E81FC6500F906DF /* Release */,
			);
			defaultConfigurationIsVisible = 0;
			defaultConfigurationName = Release;
		};
		50D8C51A2E81FC6500F906DF /* Build configuration list for PBXNativeTarget "Child Gun SafetyTests" */ = {
			isa = XCConfigurationList;
			buildConfigurations = (
				50D8C51B2E81FC6500F906DF /* Debug */,
				50D8C51C2E81FC6500F906DF /* Release */,
			);
			defaultConfigurationIsVisible = 0;
			defaultConfigurationName = Release;
		};
		50D8C51D2E81FC6500F906DF /* Build configuration list for PBXNativeTarget "Child Gun SafetyUITests" */ = {
			isa = XCConfigurationList;
			buildConfigurations = (
				50D8C51E2E81FC6500F906DF /* Debug */,
				50D8C51F2E81FC6500F906DF /* Release */,
			);
			defaultConfigurationIsVisible = 0;
			defaultConfigurationName = Release;
		};
/* End XCConfigurationList section */
	};
	rootObject = 50D8C4EB2E81FC6400F906DF /* Project object */;
}
